
Microsoft Visual Studio Solution File, Format Version 12.00
# Visual Studio Version 17
VisualStudioVersion = 17.7.34031.279
MinimumVisualStudioVersion = 10.0.40219.1
Project("{8BC9CEB8-8B4A-11D0-8D11-00A0C91BC942}") = "CIS150_092523_ifStatement01", "CIS150_092523_ifStatement01\CIS150_092523_ifStatement01.vcxproj", "{CCF9B0FB-2281-4A76-974F-6C6E260FD521}"
EndProject
Global
	GlobalSection(SolutionConfigurationPlatforms) = preSolution
		Debug|x64 = Debug|x64
		Debug|x86 = Debug|x86
		Release|x64 = Release|x64
		Release|x86 = Release|x86
	EndGlobalSection
	GlobalSection(ProjectConfigurationPlatforms) = postSolution
		{CCF9B0FB-2281-4A76-974F-6C6E260FD521}.Debug|x64.ActiveCfg = Debug|x64
		{CCF9B0FB-2281-4A76-974F-6C6E260FD521}.Debug|x64.Build.0 = Debug|x64
		{CCF9B0FB-2281-4A76-974F-6C6E260FD521}.Debug|x86.ActiveCfg = Debug|Win32
		{CCF9B0FB-2281-4A76-974F-6C6E260FD521}.Debug|x86.Build.0 = Debug|Win32
		{CCF9B0FB-2281-4A76-974F-6C6E260FD521}.Release|x64.ActiveCfg = Release|x64
		{CCF9B0FB-2281-4A76-974F-6C6E260FD521}.Release|x64.Build.0 = Release|x64
		{CCF9B0FB-2281-4A76-974F-6C6E260FD521}.Release|x86.ActiveCfg = Release|Win32
		{CCF9B0FB-2281-4A76-974F-6C6E260FD521}.Release|x86.Build.0 = Release|Win32
	EndGlobalSection
	GlobalSection(SolutionProperties) = preSolution
		HideSolutionNode = FALSE
	EndGlobalSection
	GlobalSection(ExtensibilityGlobals) = postSolution
		SolutionGuid = {A9294A7C-5F4F-456F-8C63-DA800699C48D}
	EndGlobalSection
EndGlobal
